{
  "name": "uikafka",
  "version": "1.0.0",
  "lockfileVersion": 1,
  "requires": true,
  "dependencies": {
    "custom-electron-titlebar": {
      "version": "3.2.3",
      "resolved": "https://registry.npmjs.org/custom-electron-titlebar/-/custom-electron-titlebar-3.2.3.tgz",
      "integrity": "sha512-7DIZELlDoiAKT+i73XF9EG778M3/SYMmGa867cn3d0mLEEXDtEJq9sqM/u57vrtjolXKJ5ZJQ9hCCL2uxx9nxQ=="
    },
    "electron.js": {
      "version": "0.0.1",
      "resolved": "https://registry.npmjs.org/electron.js/-/electron.js-0.0.1.tgz",
      "integrity": "sha512-m4ur4tfk9qZsnsxEIpjv5BpbwNbgeBp5UPXwT1FfQeMWpq8QtNN8ftckvWOC7gqyJywEy1e6OkGa1Zrqvh6U5g=="
    }
  }
}
